{
  "pins" : [
    {
      "identity" : "alamofire",
      "kind" : "remoteSourceControl",
      "location" : "https://github.com/Alamofire/Alamofire.git",
      "state" : {
        "revision" : "134218330bdabe8fdca892a57123b2956d773af6",
        "version" : "5.7.0"
      }
    },
    {
      "identity" : "sdwebimage",
      "kind" : "remoteSourceControl",
      "location" : "https://github.com/SDWebImage/SDWebImage.git",
      "state" : {
        "revision" : "59730af512c06fb569c119d737df4c1c499e001d",
        "version" : "5.18.10"
      }
    }
  ],
  "version" : 2
}
