// !$*UTF8*$!
{
	archiveVersion = 1;
	classes = {
	};
	objectVersion = 56;
	objects = {

/* Begin PBXBuildFile section */
		50B7BD6F2B62559C00117B6E /* AppDelegate.swift in Sources */ = {isa = PBXBuildFile; fileRef = 50B7BD6E2B62559C00117B6E /* AppDelegate.swift */; };
		50B7BD712B62559C00117B6E /* SceneDelegate.swift in Sources */ = {isa = PBXBuildFile; fileRef = 50B7BD702B62559C00117B6E /* SceneDelegate.swift */; };
		50B7BD732B62559C00117B6E /* ViewController.swift in Sources */ = {isa = PBXBuildFile; fileRef = 50B7BD722B62559C00117B6E /* ViewController.swift */; };
		50B7BD762B62559C00117B6E /* Main.storyboard in Resources */ = {isa = PBXBuildFile; fileRef = 50B7BD742B62559C00117B6E /* Main.storyboard */; };
		50B7BD782B6255A100117B6E /* Assets.xcassets in Resources */ = {isa = PBXBuildFile; fileRef = 50B7BD772B6255A100117B6E /* Assets.xcassets */; };
		50B7BD7B2B6255A100117B6E /* LaunchScreen.storyboard in Resources */ = {isa = PBXBuildFile; fileRef = 50B7BD792B6255A100117B6E /* LaunchScreen.storyboard */; };
		50B7BD832B6255FB00117B6E /* MainTabBarController.swift in Sources */ = {isa = PBXBuildFile; fileRef = 50B7BD822B6255FB00117B6E /* MainTabBarController.swift */; };
		50B7BD872B6259B800117B6E /* SearchMusicViewController.swift in Sources */ = {isa = PBXBuildFile; fileRef = 50B7BD862B6259B800117B6E /* SearchMusicViewController.swift */; };
		50B7BD8B2B62858B00117B6E /* Alamofire in Frameworks */ = {isa = PBXBuildFile; productRef = 50B7BD8A2B62858B00117B6E /* Alamofire */; };
		50B7BD8D2B62B71A00117B6E /* SearchResponse.swift in Sources */ = {isa = PBXBuildFile; fileRef = 50B7BD8C2B62B71A00117B6E /* SearchResponse.swift */; };
		50B7BD8F2B62EA8100117B6E /* NetworkService.swift in Sources */ = {isa = PBXBuildFile; fileRef = 50B7BD8E2B62EA8100117B6E /* NetworkService.swift */; };
		50B7BD982B62EF0100117B6E /* SearchPresenter.swift in Sources */ = {isa = PBXBuildFile; fileRef = 50B7BD922B62EF0100117B6E /* SearchPresenter.swift */; };
		50B7BD992B62EF0100117B6E /* SearchWorker.swift in Sources */ = {isa = PBXBuildFile; fileRef = 50B7BD932B62EF0100117B6E /* SearchWorker.swift */; };
		50B7BD9A2B62EF0100117B6E /* SearchRouter.swift in Sources */ = {isa = PBXBuildFile; fileRef = 50B7BD942B62EF0100117B6E /* SearchRouter.swift */; };
		50B7BD9B2B62EF0100117B6E /* SearchModels.swift in Sources */ = {isa = PBXBuildFile; fileRef = 50B7BD952B62EF0100117B6E /* SearchModels.swift */; };
		50B7BD9C2B62EF0100117B6E /* SearchViewController.swift in Sources */ = {isa = PBXBuildFile; fileRef = 50B7BD962B62EF0100117B6E /* SearchViewController.swift */; };
		50B7BD9D2B62EF0100117B6E /* SearchInteractor.swift in Sources */ = {isa = PBXBuildFile; fileRef = 50B7BD972B62EF0100117B6E /* SearchInteractor.swift */; };
		50B7BD9F2B63E34500117B6E /* SearchViewController.storyboard in Resources */ = {isa = PBXBuildFile; fileRef = 50B7BD9E2B63E34500117B6E /* SearchViewController.storyboard */; };
		50B7BDA12B63E71300117B6E /* UIViewController + Storyboard.swift in Sources */ = {isa = PBXBuildFile; fileRef = 50B7BDA02B63E71300117B6E /* UIViewController + Storyboard.swift */; };
		50B7BDA52B652FCD00117B6E /* TrackCell.xib in Resources */ = {isa = PBXBuildFile; fileRef = 50B7BDA42B652FCD00117B6E /* TrackCell.xib */; };
		50B7BDA72B652FEF00117B6E /* TrackCell.swift in Sources */ = {isa = PBXBuildFile; fileRef = 50B7BDA62B652FEF00117B6E /* TrackCell.swift */; };
		50B7BDAD2B656D7F00117B6E /* SDWebImage in Frameworks */ = {isa = PBXBuildFile; productRef = 50B7BDAC2B656D7F00117B6E /* SDWebImage */; };
		50B7BDB02B66323500117B6E /* FooterView.swift in Sources */ = {isa = PBXBuildFile; fileRef = 50B7BDAF2B66323500117B6E /* FooterView.swift */; };
		50B7BDB32B66522400117B6E /* TrackDetailView.xib in Resources */ = {isa = PBXBuildFile; fileRef = 50B7BDB22B66522400117B6E /* TrackDetailView.xib */; };
		50B7BDB52B66524000117B6E /* TrackDetailView.swift in Sources */ = {isa = PBXBuildFile; fileRef = 50B7BDB42B66524000117B6E /* TrackDetailView.swift */; };
/* End PBXBuildFile section */

/* Begin PBXFileReference section */
		50B7BD6B2B62559C00117B6E /* iMusic.app */ = {isa = PBXFileReference; explicitFileType = wrapper.application; includeInIndex = 0; path = iMusic.app; sourceTree = BUILT_PRODUCTS_DIR; };
		50B7BD6E2B62559C00117B6E /* AppDelegate.swift */ = {isa = PBXFileReference; lastKnownFileType = sourcecode.swift; path = AppDelegate.swift; sourceTree = "<group>"; };
		50B7BD702B62559C00117B6E /* SceneDelegate.swift */ = {isa = PBXFileReference; lastKnownFileType = sourcecode.swift; path = SceneDelegate.swift; sourceTree = "<group>"; };
		50B7BD722B62559C00117B6E /* ViewController.swift */ = {isa = PBXFileReference; lastKnownFileType = sourcecode.swift; path = ViewController.swift; sourceTree = "<group>"; };
		50B7BD752B62559C00117B6E /* Base */ = {isa = PBXFileReference; lastKnownFileType = file.storyboard; name = Base; path = Base.lproj/Main.storyboard; sourceTree = "<group>"; };
		50B7BD772B6255A100117B6E /* Assets.xcassets */ = {isa = PBXFileReference; lastKnownFileType = folder.assetcatalog; path = Assets.xcassets; sourceTree = "<group>"; };
		50B7BD7A2B6255A100117B6E /* Base */ = {isa = PBXFileReference; lastKnownFileType = file.storyboard; name = Base; path = Base.lproj/LaunchScreen.storyboard; sourceTree = "<group>"; };
		50B7BD7C2B6255A100117B6E /* Info.plist */ = {isa = PBXFileReference; lastKnownFileType = text.plist.xml; path = Info.plist; sourceTree = "<group>"; };
		50B7BD822B6255FB00117B6E /* MainTabBarController.swift */ = {isa = PBXFileReference; lastKnownFileType = sourcecode.swift; path = MainTabBarController.swift; sourceTree = "<group>"; };
		50B7BD862B6259B800117B6E /* SearchMusicViewController.swift */ = {isa = PBXFileReference; lastKnownFileType = sourcecode.swift; path = SearchMusicViewController.swift; sourceTree = "<group>"; };
		50B7BD8C2B62B71A00117B6E /* SearchResponse.swift */ = {isa = PBXFileReference; lastKnownFileType = sourcecode.swift; path = SearchResponse.swift; sourceTree = "<group>"; };
		50B7BD8E2B62EA8100117B6E /* NetworkService.swift */ = {isa = PBXFileReference; lastKnownFileType = sourcecode.swift; path = NetworkService.swift; sourceTree = "<group>"; };
		50B7BD922B62EF0100117B6E /* SearchPresenter.swift */ = {isa = PBXFileReference; lastKnownFileType = sourcecode.swift; path = SearchPresenter.swift; sourceTree = "<group>"; };
		50B7BD932B62EF0100117B6E /* SearchWorker.swift */ = {isa = PBXFileReference; lastKnownFileType = sourcecode.swift; path = SearchWorker.swift; sourceTree = "<group>"; };
		50B7BD942B62EF0100117B6E /* SearchRouter.swift */ = {isa = PBXFileReference; lastKnownFileType = sourcecode.swift; path = SearchRouter.swift; sourceTree = "<group>"; };
		50B7BD952B62EF0100117B6E /* SearchModels.swift */ = {isa = PBXFileReference; lastKnownFileType = sourcecode.swift; path = SearchModels.swift; sourceTree = "<group>"; };
		50B7BD962B62EF0100117B6E /* SearchViewController.swift */ = {isa = PBXFileReference; lastKnownFileType = sourcecode.swift; path = SearchViewController.swift; sourceTree = "<group>"; };
		50B7BD972B62EF0100117B6E /* SearchInteractor.swift */ = {isa = PBXFileReference; lastKnownFileType = sourcecode.swift; path = SearchInteractor.swift; sourceTree = "<group>"; };
		50B7BD9E2B63E34500117B6E /* SearchViewController.storyboard */ = {isa = PBXFileReference; lastKnownFileType = file.storyboard; path = SearchViewController.storyboard; sourceTree = "<group>"; };
		50B7BDA02B63E71300117B6E /* UIViewController + Storyboard.swift */ = {isa = PBXFileReference; lastKnownFileType = sourcecode.swift; path = "UIViewController + Storyboard.swift"; sourceTree = "<group>"; };
		50B7BDA42B652FCD00117B6E /* TrackCell.xib */ = {isa = PBXFileReference; lastKnownFileType = file.xib; path = TrackCell.xib; sourceTree = "<group>"; };
		50B7BDA62B652FEF00117B6E /* TrackCell.swift */ = {isa = PBXFileReference; lastKnownFileType = sourcecode.swift; path = TrackCell.swift; sourceTree = "<group>"; };
		50B7BDAF2B66323500117B6E /* FooterView.swift */ = {isa = PBXFileReference; lastKnownFileType = sourcecode.swift; path = FooterView.swift; sourceTree = "<group>"; };
		50B7BDB22B66522400117B6E /* TrackDetailView.xib */ = {isa = PBXFileReference; lastKnownFileType = file.xib; path = TrackDetailView.xib; sourceTree = "<group>"; };
		50B7BDB42B66524000117B6E /* TrackDetailView.swift */ = {isa = PBXFileReference; lastKnownFileType = sourcecode.swift; path = TrackDetailView.swift; sourceTree = "<group>"; };
/* End PBXFileReference section */

/* Begin PBXFrameworksBuildPhase section */
		50B7BD682B62559C00117B6E /* Frameworks */ = {
			isa = PBXFrameworksBuildPhase;
			buildActionMask = 2147483647;
			files = (
				50B7BDAD2B656D7F00117B6E /* SDWebImage in Frameworks */,
				50B7BD8B2B62858B00117B6E /* Alamofire in Frameworks */,
			);
			runOnlyForDeploymentPostprocessing = 0;
		};
/* End PBXFrameworksBuildPhase section */

/* Begin PBXGroup section */
		50B7BD622B62559C00117B6E = {
			isa = PBXGroup;
			children = (
				50B7BD6D2B62559C00117B6E /* iMusic */,
				50B7BD6C2B62559C00117B6E /* Products */,
			);
			sourceTree = "<group>";
		};
		50B7BD6C2B62559C00117B6E /* Products */ = {
			isa = PBXGroup;
			children = (
				50B7BD6B2B62559C00117B6E /* iMusic.app */,
			);
			name = Products;
			sourceTree = "<group>";
		};
		50B7BD6D2B62559C00117B6E /* iMusic */ = {
			isa = PBXGroup;
			children = (
				50B7BD912B62EE9B00117B6E /* Services */,
				50B7BD902B62EE3C00117B6E /* Search */,
				50B7BD6E2B62559C00117B6E /* AppDelegate.swift */,
				50B7BD702B62559C00117B6E /* SceneDelegate.swift */,
				50B7BD722B62559C00117B6E /* ViewController.swift */,
				50B7BD822B6255FB00117B6E /* MainTabBarController.swift */,
				50B7BD862B6259B800117B6E /* SearchMusicViewController.swift */,
				50B7BDA22B63E72200117B6E /* Helpers */,
				50B7BD742B62559C00117B6E /* Main.storyboard */,
				50B7BD772B6255A100117B6E /* Assets.xcassets */,
				50B7BD792B6255A100117B6E /* LaunchScreen.storyboard */,
				50B7BD7C2B6255A100117B6E /* Info.plist */,
			);
			path = iMusic;
			sourceTree = "<group>";
		};
		50B7BD902B62EE3C00117B6E /* Search */ = {
			isa = PBXGroup;
			children = (
				50B7BDB12B6651FE00117B6E /* Track Detail View */,
				50B7BDAE2B66322000117B6E /* Footer View */,
				50B7BDA32B652FB900117B6E /* Cell */,
				50B7BD9E2B63E34500117B6E /* SearchViewController.storyboard */,
				50B7BD962B62EF0100117B6E /* SearchViewController.swift */,
				50B7BD972B62EF0100117B6E /* SearchInteractor.swift */,
				50B7BD922B62EF0100117B6E /* SearchPresenter.swift */,
				50B7BD952B62EF0100117B6E /* SearchModels.swift */,
				50B7BD932B62EF0100117B6E /* SearchWorker.swift */,
				50B7BD942B62EF0100117B6E /* SearchRouter.swift */,
			);
			path = Search;
			sourceTree = "<group>";
		};
		50B7BD912B62EE9B00117B6E /* Services */ = {
			isa = PBXGroup;
			children = (
				50B7BDAA2B65517100117B6E /* Models */,
				50B7BD8E2B62EA8100117B6E /* NetworkService.swift */,
			);
			path = Services;
			sourceTree = "<group>";
		};
		50B7BDA22B63E72200117B6E /* Helpers */ = {
			isa = PBXGroup;
			children = (
				50B7BDA02B63E71300117B6E /* UIViewController + Storyboard.swift */,
			);
			name = Helpers;
			path = ..;
			sourceTree = "<group>";
		};
		50B7BDA32B652FB900117B6E /* Cell */ = {
			isa = PBXGroup;
			children = (
				50B7BDA42B652FCD00117B6E /* TrackCell.xib */,
				50B7BDA62B652FEF00117B6E /* TrackCell.swift */,
			);
			path = Cell;
			sourceTree = "<group>";
		};
		50B7BDAA2B65517100117B6E /* Models */ = {
			isa = PBXGroup;
			children = (
				50B7BD8C2B62B71A00117B6E /* SearchResponse.swift */,
			);
			path = Models;
			sourceTree = "<group>";
		};
		50B7BDAE2B66322000117B6E /* Footer View */ = {
			isa = PBXGroup;
			children = (
				50B7BDAF2B66323500117B6E /* FooterView.swift */,
			);
			path = "Footer View";
			sourceTree = "<group>";
		};
		50B7BDB12B6651FE00117B6E /* Track Detail View */ = {
			isa = PBXGroup;
			children = (
				50B7BDB22B66522400117B6E /* TrackDetailView.xib */,
				50B7BDB42B66524000117B6E /* TrackDetailView.swift */,
			);
			path = "Track Detail View";
			sourceTree = "<group>";
		};
/* End PBXGroup section */

/* Begin PBXNativeTarget section */
		50B7BD6A2B62559C00117B6E /* iMusic */ = {
			isa = PBXNativeTarget;
			buildConfigurationList = 50B7BD7F2B6255A100117B6E /* Build configuration list for PBXNativeTarget "iMusic" */;
			buildPhases = (
				50B7BD672B62559C00117B6E /* Sources */,
				50B7BD682B62559C00117B6E /* Frameworks */,
				50B7BD692B62559C00117B6E /* Resources */,
			);
			buildRules = (
			);
			dependencies = (
			);
			name = iMusic;
			packageProductDependencies = (
				50B7BD8A2B62858B00117B6E /* Alamofire */,
				50B7BDAC2B656D7F00117B6E /* SDWebImage */,
			);
			productName = iMusic;
			productReference = 50B7BD6B2B62559C00117B6E /* iMusic.app */;
			productType = "com.apple.product-type.application";
		};
/* End PBXNativeTarget section */

/* Begin PBXProject section */
		50B7BD632B62559C00117B6E /* Project object */ = {
			isa = PBXProject;
			attributes = {
				BuildIndependentTargetsInParallel = 1;
				LastSwiftUpdateCheck = 1400;
				LastUpgradeCheck = 1400;
				TargetAttributes = {
					50B7BD6A2B62559C00117B6E = {
						CreatedOnToolsVersion = 14.0.1;
					};
				};
			};
			buildConfigurationList = 50B7BD662B62559C00117B6E /* Build configuration list for PBXProject "iMusic" */;
			compatibilityVersion = "Xcode 14.0";
			developmentRegion = en;
			hasScannedForEncodings = 0;
			knownRegions = (
				en,
				Base,
			);
			mainGroup = 50B7BD622B62559C00117B6E;
			packageReferences = (
				50B7BD892B62858B00117B6E /* XCRemoteSwiftPackageReference "Alamofire" */,
				50B7BDAB2B656D7F00117B6E /* XCRemoteSwiftPackageReference "SDWebImage" */,
			);
			productRefGroup = 50B7BD6C2B62559C00117B6E /* Products */;
			projectDirPath = "";
			projectRoot = "";
			targets = (
				50B7BD6A2B62559C00117B6E /* iMusic */,
			);
		};
/* End PBXProject section */

/* Begin PBXResourcesBuildPhase section */
		50B7BD692B62559C00117B6E /* Resources */ = {
			isa = PBXResourcesBuildPhase;
			buildActionMask = 2147483647;
			files = (
				50B7BD7B2B6255A100117B6E /* LaunchScreen.storyboard in Resources */,
				50B7BDA52B652FCD00117B6E /* TrackCell.xib in Resources */,
				50B7BD782B6255A100117B6E /* Assets.xcassets in Resources */,
				50B7BD762B62559C00117B6E /* Main.storyboard in Resources */,
				50B7BDB32B66522400117B6E /* TrackDetailView.xib in Resources */,
				50B7BD9F2B63E34500117B6E /* SearchViewController.storyboard in Resources */,
			);
			runOnlyForDeploymentPostprocessing = 0;
		};
/* End PBXResourcesBuildPhase section */

/* Begin PBXSourcesBuildPhase section */
		50B7BD672B62559C00117B6E /* Sources */ = {
			isa = PBXSourcesBuildPhase;
			buildActionMask = 2147483647;
			files = (
				50B7BD732B62559C00117B6E /* ViewController.swift in Sources */,
				50B7BDA12B63E71300117B6E /* UIViewController + Storyboard.swift in Sources */,
				50B7BD6F2B62559C00117B6E /* AppDelegate.swift in Sources */,
				50B7BD8D2B62B71A00117B6E /* SearchResponse.swift in Sources */,
				50B7BD9D2B62EF0100117B6E /* SearchInteractor.swift in Sources */,
				50B7BDB02B66323500117B6E /* FooterView.swift in Sources */,
				50B7BDA72B652FEF00117B6E /* TrackCell.swift in Sources */,
				50B7BD832B6255FB00117B6E /* MainTabBarController.swift in Sources */,
				50B7BD872B6259B800117B6E /* SearchMusicViewController.swift in Sources */,
				50B7BD992B62EF0100117B6E /* SearchWorker.swift in Sources */,
				50B7BD9C2B62EF0100117B6E /* SearchViewController.swift in Sources */,
				50B7BD9A2B62EF0100117B6E /* SearchRouter.swift in Sources */,
				50B7BD9B2B62EF0100117B6E /* SearchModels.swift in Sources */,
				50B7BD712B62559C00117B6E /* SceneDelegate.swift in Sources */,
				50B7BD982B62EF0100117B6E /* SearchPresenter.swift in Sources */,
				50B7BDB52B66524000117B6E /* TrackDetailView.swift in Sources */,
				50B7BD8F2B62EA8100117B6E /* NetworkService.swift in Sources */,
			);
			runOnlyForDeploymentPostprocessing = 0;
		};
/* End PBXSourcesBuildPhase section */

/* Begin PBXVariantGroup section */
		50B7BD742B62559C00117B6E /* Main.storyboard */ = {
			isa = PBXVariantGroup;
			children = (
				50B7BD752B62559C00117B6E /* Base */,
			);
			name = Main.storyboard;
			sourceTree = "<group>";
		};
		50B7BD792B6255A100117B6E /* LaunchScreen.storyboard */ = {
			isa = PBXVariantGroup;
			children = (
				50B7BD7A2B6255A100117B6E /* Base */,
			);
			name = LaunchScreen.storyboard;
			sourceTree = "<group>";
		};
/* End PBXVariantGroup section */

/* Begin XCBuildConfiguration section */
		50B7BD7D2B6255A100117B6E /* Debug */ = {
			isa = XCBuildConfiguration;
			buildSettings = {
				ALWAYS_SEARCH_USER_PATHS = NO;
				CLANG_ANALYZER_NONNULL = YES;
				CLANG_ANALYZER_NUMBER_OBJECT_CONVERSION = YES_AGGRESSIVE;
				CLANG_CXX_LANGUAGE_STANDARD = "gnu++20";
				CLANG_ENABLE_MODULES = YES;
				CLANG_ENABLE_OBJC_ARC = YES;
				CLANG_ENABLE_OBJC_WEAK = YES;
				CLANG_WARN_BLOCK_CAPTURE_AUTORELEASING = YES;
				CLANG_WARN_BOOL_CONVERSION = YES;
				CLANG_WARN_COMMA = YES;
				CLANG_WARN_CONSTANT_CONVERSION = YES;
				CLANG_WARN_DEPRECATED_OBJC_IMPLEMENTATIONS = YES;
				CLANG_WARN_DIRECT_OBJC_ISA_USAGE = YES_ERROR;
				CLANG_WARN_DOCUMENTATION_COMMENTS = YES;
				CLANG_WARN_EMPTY_BODY = YES;
				CLANG_WARN_ENUM_CONVERSION = YES;
				CLANG_WARN_INFINITE_RECURSION = YES;
				CLANG_WARN_INT_CONVERSION = YES;
				CLANG_WARN_NON_LITERAL_NULL_CONVERSION = YES;
				CLANG_WARN_OBJC_IMPLICIT_RETAIN_SELF = YES;
				CLANG_WARN_OBJC_LITERAL_CONVERSION = YES;
				CLANG_WARN_OBJC_ROOT_CLASS = YES_ERROR;
				CLANG_WARN_QUOTED_INCLUDE_IN_FRAMEWORK_HEADER = YES;
				CLANG_WARN_RANGE_LOOP_ANALYSIS = YES;
				CLANG_WARN_STRICT_PROTOTYPES = YES;
				CLANG_WARN_SUSPICIOUS_MOVE = YES;
				CLANG_WARN_UNGUARDED_AVAILABILITY = YES_AGGRESSIVE;
				CLANG_WARN_UNREACHABLE_CODE = YES;
				CLANG_WARN__DUPLICATE_METHOD_MATCH = YES;
				COPY_PHASE_STRIP = NO;
				DEBUG_INFORMATION_FORMAT = dwarf;
				ENABLE_STRICT_OBJC_MSGSEND = YES;
				ENABLE_TESTABILITY = YES;
				GCC_C_LANGUAGE_STANDARD = gnu11;
				GCC_DYNAMIC_NO_PIC = NO;
				GCC_NO_COMMON_BLOCKS = YES;
				GCC_OPTIMIZATION_LEVEL = 0;
				GCC_PREPROCESSOR_DEFINITIONS = (
					"DEBUG=1",
					"$(inherited)",
				);
				GCC_WARN_64_TO_32_BIT_CONVERSION = YES;
				GCC_WARN_ABOUT_RETURN_TYPE = YES_ERROR;
				GCC_WARN_UNDECLARED_SELECTOR = YES;
				GCC_WARN_UNINITIALIZED_AUTOS = YES_AGGRESSIVE;
				GCC_WARN_UNUSED_FUNCTION = YES;
				GCC_WARN_UNUSED_VARIABLE = YES;
				IPHONEOS_DEPLOYMENT_TARGET = 16.0;
				MTL_ENABLE_DEBUG_INFO = INCLUDE_SOURCE;
				MTL_FAST_MATH = YES;
				ONLY_ACTIVE_ARCH = YES;
				SDKROOT = iphoneos;
				SWIFT_ACTIVE_COMPILATION_CONDITIONS = DEBUG;
				SWIFT_OPTIMIZATION_LEVEL = "-Onone";
			};
			name = Debug;
		};
		50B7BD7E2B6255A100117B6E /* Release */ = {
			isa = XCBuildConfiguration;
			buildSettings = {
				ALWAYS_SEARCH_USER_PATHS = NO;
				CLANG_ANALYZER_NONNULL = YES;
				CLANG_ANALYZER_NUMBER_OBJECT_CONVERSION = YES_AGGRESSIVE;
				CLANG_CXX_LANGUAGE_STANDARD = "gnu++20";
				CLANG_ENABLE_MODULES = YES;
				CLANG_ENABLE_OBJC_ARC = YES;
				CLANG_ENABLE_OBJC_WEAK = YES;
				CLANG_WARN_BLOCK_CAPTURE_AUTORELEASING = YES;
				CLANG_WARN_BOOL_CONVERSION = YES;
				CLANG_WARN_COMMA = YES;
				CLANG_WARN_CONSTANT_CONVERSION = YES;
				CLANG_WARN_DEPRECATED_OBJC_IMPLEMENTATIONS = YES;
				CLANG_WARN_DIRECT_OBJC_ISA_USAGE = YES_ERROR;
				CLANG_WARN_DOCUMENTATION_COMMENTS = YES;
				CLANG_WARN_EMPTY_BODY = YES;
				CLANG_WARN_ENUM_CONVERSION = YES;
				CLANG_WARN_INFINITE_RECURSION = YES;
				CLANG_WARN_INT_CONVERSION = YES;
				CLANG_WARN_NON_LITERAL_NULL_CONVERSION = YES;
				CLANG_WARN_OBJC_IMPLICIT_RETAIN_SELF = YES;
				CLANG_WARN_OBJC_LITERAL_CONVERSION = YES;
				CLANG_WARN_OBJC_ROOT_CLASS = YES_ERROR;
				CLANG_WARN_QUOTED_INCLUDE_IN_FRAMEWORK_HEADER = YES;
				CLANG_WARN_RANGE_LOOP_ANALYSIS = YES;
				CLANG_WARN_STRICT_PROTOTYPES = YES;
				CLANG_WARN_SUSPICIOUS_MOVE = YES;
				CLANG_WARN_UNGUARDED_AVAILABILITY = YES_AGGRESSIVE;
				CLANG_WARN_UNREACHABLE_CODE = YES;
				CLANG_WARN__DUPLICATE_METHOD_MATCH = YES;
				COPY_PHASE_STRIP = NO;
				DEBUG_INFORMATION_FORMAT = "dwarf-with-dsym";
				ENABLE_NS_ASSERTIONS = NO;
				ENABLE_STRICT_OBJC_MSGSEND = YES;
				GCC_C_LANGUAGE_STANDARD = gnu11;
				GCC_NO_COMMON_BLOCKS = YES;
				GCC_WARN_64_TO_32_BIT_CONVERSION = YES;
				GCC_WARN_ABOUT_RETURN_TYPE = YES_ERROR;
				GCC_WARN_UNDECLARED_SELECTOR = YES;
				GCC_WARN_UNINITIALIZED_AUTOS = YES_AGGRESSIVE;
				GCC_WARN_UNUSED_FUNCTION = YES;
				GCC_WARN_UNUSED_VARIABLE = YES;
				IPHONEOS_DEPLOYMENT_TARGET = 16.0;
				MTL_ENABLE_DEBUG_INFO = NO;
				MTL_FAST_MATH = YES;
				SDKROOT = iphoneos;
				SWIFT_COMPILATION_MODE = wholemodule;
				SWIFT_OPTIMIZATION_LEVEL = "-O";
				VALIDATE_PRODUCT = YES;
			};
			name = Release;
		};
		50B7BD802B6255A100117B6E /* Debug */ = {
			isa = XCBuildConfiguration;
			buildSettings = {
				ASSETCATALOG_COMPILER_APPICON_NAME = AppIcon;
				ASSETCATALOG_COMPILER_GLOBAL_ACCENT_COLOR_NAME = AccentColor;
				CODE_SIGN_STYLE = Automatic;
				CURRENT_PROJECT_VERSION = 1;
				DEVELOPMENT_TEAM = 473W7TVS7V;
				GENERATE_INFOPLIST_FILE = YES;
				INFOPLIST_FILE = iMusic/Info.plist;
				INFOPLIST_KEY_UIApplicationSupportsIndirectInputEvents = YES;
				INFOPLIST_KEY_UILaunchStoryboardName = LaunchScreen;
				INFOPLIST_KEY_UIMainStoryboardFile = Main;
				INFOPLIST_KEY_UISupportedInterfaceOrientations_iPad = "UIInterfaceOrientationPortrait UIInterfaceOrientationPortraitUpsideDown UIInterfaceOrientationLandscapeLeft UIInterfaceOrientationLandscapeRight";
				INFOPLIST_KEY_UISupportedInterfaceOrientations_iPhone = "UIInterfaceOrientationPortrait UIInterfaceOrientationLandscapeLeft UIInterfaceOrientationLandscapeRight";
				LD_RUNPATH_SEARCH_PATHS = (
					"$(inherited)",
					"@executable_path/Frameworks",
				);
				MARKETING_VERSION = 1.0;
				PRODUCT_BUNDLE_IDENTIFIER = Max.iMusic;
				PRODUCT_NAME = "$(TARGET_NAME)";
				SWIFT_EMIT_LOC_STRINGS = YES;
				SWIFT_VERSION = 5.0;
				TARGETED_DEVICE_FAMILY = "1,2";
			};
			name = Debug;
		};
		50B7BD812B6255A100117B6E /* Release */ = {
			isa = XCBuildConfiguration;
			buildSettings = {
				ASSETCATALOG_COMPILER_APPICON_NAME = AppIcon;
				ASSETCATALOG_COMPILER_GLOBAL_ACCENT_COLOR_NAME = AccentColor;
				CODE_SIGN_STYLE = Automatic;
				CURRENT_PROJECT_VERSION = 1;
				DEVELOPMENT_TEAM = 473W7TVS7V;
				GENERATE_INFOPLIST_FILE = YES;
				INFOPLIST_FILE = iMusic/Info.plist;
				INFOPLIST_KEY_UIApplicationSupportsIndirectInputEvents = YES;
				INFOPLIST_KEY_UILaunchStoryboardName = LaunchScreen;
				INFOPLIST_KEY_UIMainStoryboardFile = Main;
				INFOPLIST_KEY_UISupportedInterfaceOrientations_iPad = "UIInterfaceOrientationPortrait UIInterfaceOrientationPortraitUpsideDown UIInterfaceOrientationLandscapeLeft UIInterfaceOrientationLandscapeRight";
				INFOPLIST_KEY_UISupportedInterfaceOrientations_iPhone = "UIInterfaceOrientationPortrait UIInterfaceOrientationLandscapeLeft UIInterfaceOrientationLandscapeRight";
				LD_RUNPATH_SEARCH_PATHS = (
					"$(inherited)",
					"@executable_path/Frameworks",
				);
				MARKETING_VERSION = 1.0;
				PRODUCT_BUNDLE_IDENTIFIER = Max.iMusic;
				PRODUCT_NAME = "$(TARGET_NAME)";
				SWIFT_EMIT_LOC_STRINGS = YES;
				SWIFT_VERSION = 5.0;
				TARGETED_DEVICE_FAMILY = "1,2";
			};
			name = Release;
		};
/* End XCBuildConfiguration section */

/* Begin XCConfigurationList section */
		50B7BD662B62559C00117B6E /* Build configuration list for PBXProject "iMusic" */ = {
			isa = XCConfigurationList;
			buildConfigurations = (
				50B7BD7D2B6255A100117B6E /* Debug */,
				50B7BD7E2B6255A100117B6E /* Release */,
			);
			defaultConfigurationIsVisible = 0;
			defaultConfigurationName = Release;
		};
		50B7BD7F2B6255A100117B6E /* Build configuration list for PBXNativeTarget "iMusic" */ = {
			isa = XCConfigurationList;
			buildConfigurations = (
				50B7BD802B6255A100117B6E /* Debug */,
				50B7BD812B6255A100117B6E /* Release */,
			);
			defaultConfigurationIsVisible = 0;
			defaultConfigurationName = Release;
		};
/* End XCConfigurationList section */

/* Begin XCRemoteSwiftPackageReference section */
		50B7BD892B62858B00117B6E /* XCRemoteSwiftPackageReference "Alamofire" */ = {
			isa = XCRemoteSwiftPackageReference;
			repositoryURL = "https://github.com/Alamofire/Alamofire.git";
			requirement = {
				kind = exactVersion;
				version = 5.7.0;
			};
		};
		50B7BDAB2B656D7F00117B6E /* XCRemoteSwiftPackageReference "SDWebImage" */ = {
			isa = XCRemoteSwiftPackageReference;
			repositoryURL = "https://github.com/SDWebImage/SDWebImage.git";
			requirement = {
				kind = upToNextMajorVersion;
				minimumVersion = 5.0.0;
			};
		};
/* End XCRemoteSwiftPackageReference section */

/* Begin XCSwiftPackageProductDependency section */
		50B7BD8A2B62858B00117B6E /* Alamofire */ = {
			isa = XCSwiftPackageProductDependency;
			package = 50B7BD892B62858B00117B6E /* XCRemoteSwiftPackageReference "Alamofire" */;
			productName = Alamofire;
		};
		50B7BDAC2B656D7F00117B6E /* SDWebImage */ = {
			isa = XCSwiftPackageProductDependency;
			package = 50B7BDAB2B656D7F00117B6E /* XCRemoteSwiftPackageReference "SDWebImage" */;
			productName = SDWebImage;
		};
/* End XCSwiftPackageProductDependency section */
	};
	rootObject = 50B7BD632B62559C00117B6E /* Project object */;
}
